
Microsoft Visual Studio Solution File, Format Version 12.00
# Visual Studio Version 17
VisualStudioVersion = 17.6.33723.286
MinimumVisualStudioVersion = 10.0.40219.1
Project("{FAE04EC0-301F-11D3-BF4B-00C04F79EFBC}") = "TestSuiteWpf", "TestSuiteWpf\TestSuiteWpf.csproj", "{F321FF58-4B44-48DE-B5A7-87D2F83C83C8}"
EndProject
Global
	GlobalSection(SolutionConfigurationPlatforms) = preSolution
		Debug|Any CPU = Debug|Any CPU
		Release|Any CPU = Release|Any CPU
	EndGlobalSection
	GlobalSection(ProjectConfigurationPlatforms) = postSolution
		{F321FF58-4B44-48DE-B5A7-87D2F83C83C8}.Debug|Any CPU.ActiveCfg = Debug|Any CPU
		{F321FF58-4B44-48DE-B5A7-87D2F83C83C8}.Debug|Any CPU.Build.0 = Debug|Any CPU
		{F321FF58-4B44-48DE-B5A7-87D2F83C83C8}.Release|Any CPU.ActiveCfg = Release|Any CPU
		{F321FF58-4B44-48DE-B5A7-87D2F83C83C8}.Release|Any CPU.Build.0 = Release|Any CPU
	EndGlobalSection
	GlobalSection(SolutionProperties) = preSolution
		HideSolutionNode = FALSE
	EndGlobalSection
	GlobalSection(ExtensibilityGlobals) = postSolution
		SolutionGuid = {5496C985-274F-43E6-B4FC-2EEAB0D428C1}
	EndGlobalSection
EndGlobal
